# This file was autogenerated by Stack.
# You should not edit this file by hand.
# For more information, please see the documentation at:
#   https://docs.haskellstack.org/en/stable/lock_files

packages:
- completed:
    hackage: hakyll-4.15.1.1@sha256:8ec77fb64dce8e1db2a19cba74107fc3b0472ef5b24296b5c272ed2a7b882f57,9962
    pantry-tree:
      sha256: cab973f55b9ff34f234164a16a8f2fcd650b04fe55d1d51fb41d390d2929060e
      size: 8861
  original:
    hackage: hakyll-4.15.1.1
- completed:
    hackage: pandoc-2.19.2@sha256:080cf2f4fc8b9d389f2fd3760f59972196b8d5b0f3e9831ecf95eb0a902dbd05,40217
    pantry-tree:
      sha256: 947060b4316f43c42151fa21ad3d0e93ea75b67df6d03d9f8d5a33974d1a7e4d
      size: 142091
  original:
    hackage: pandoc-2.19.2
- completed:
    hackage: pandoc-types-1.22.2.1@sha256:b66c1d501537f99b3627aeed1f35b40ca075306b7c35d16fa9a49c9ccebefe5f,4130
    pantry-tree:
      sha256: cbb0b8100d99570847b09f22ca9857797cb5accdb019600665540128cdf8cf57
      size: 737
  original:
    hackage: pandoc-types-1.22.2.1
- completed:
    hackage: doctemplates-0.10.0.2@sha256:057c7c886708e953f48b4107155ef4a4de237c724aea106e2a0dff25ce8b269f,3179
    pantry-tree:
      sha256: 344131f03f3d9f7ff439c9fe649337eb52f5a5ea472b83a95b1feac9ab649d74
      size: 2422
  original:
    hackage: doctemplates-0.10.0.2
- completed:
    hackage: gridtables-0.0.3.0@sha256:0c34cec7ff7fde5629baa6b17ba4e54fe73bc534feb48816341ad9807e284654,3055
    pantry-tree:
      sha256: e32e6e36fdd823d5e0286b151843bdff646cb98f7f73f6a58d72a716b1e37b3c
      size: 546
  original:
    hackage: gridtables-0.0.3.0
- completed:
    hackage: jira-wiki-markup-1.4.0@sha256:f6d4614d8987a1b73d9ffe5539c03dac6b90990db6f13cc564e0798af4417d10,4033
    pantry-tree:
      sha256: 3736bb8333135f8f230870b6ab8642532b0fa3cea213f84a4c71a0e53f94d285
      size: 1181
  original:
    hackage: jira-wiki-markup-1.4.0
- completed:
    hackage: mime-types-0.1.1.0@sha256:c68f421c569e325ec4c5595a6916cc6336cf11c7f11bc569a62c6a32214454ad,862
    pantry-tree:
      sha256: 459281e2cec123c1d56c99173a4c1696b62ee0eb8986c3a51d4ff8b8a4eee807
      size: 312
  original:
    hackage: mime-types-0.1.1.0
- completed:
    hackage: texmath-0.12.5.5@sha256:435e38acc4807682e79d647f6add5d68e92180439a6f03a5f315fea57ee88304,6667
    pantry-tree:
      sha256: 93794993e732a9b5073c3200928ce41f69d9898836d1816b0754f48c34fcdd72
      size: 257761
  original:
    hackage: texmath-0.12.5.5
snapshots:
- completed:
    sha256: c11fcbeb1aa12761044755b1109d16952ede2cb6147ebde777dd5cb38f784501
    size: 649333
    url: https://raw.githubusercontent.com/commercialhaskell/stackage-snapshots/master/lts/20/9.yaml
  original: lts-20.9
